// !$*UTF8*$!
{
	archiveVersion = 1;
	classes = {
	};
	objectVersion = 55;
	objects = {

/* Begin PBXBuildFile section */
		065D050CEB3F1C21F9E045F7 /* Pods_DropDownMenu.framework in Frameworks */ = {isa = PBXBuildFile; fileRef = C4CFB2A4DE53D92B63BBD014 /* Pods_DropDownMenu.framework */; };
		338FABF6284FB52A00EA686A /* DropDownMenuApp.swift in Sources */ = {isa = PBXBuildFile; fileRef = 338FABF5284FB52A00EA686A /* DropDownMenuApp.swift */; };
		338FABF8284FB52A00EA686A /* ContentView.swift in Sources */ = {isa = PBXBuildFile; fileRef = 338FABF7284FB52A00EA686A /* ContentView.swift */; };
		338FABFA284FB52B00EA686A /* Assets.xcassets in Resources */ = {isa = PBXBuildFile; fileRef = 338FABF9284FB52B00EA686A /* Assets.xcassets */; };
		338FABFD284FB52B00EA686A /* Preview Assets.xcassets in Resources */ = {isa = PBXBuildFile; fileRef = 338FABFC284FB52B00EA686A /* Preview Assets.xcassets */; };
		338FAC092850AE5A00EA686A /* CustomDropDownCell.swift in Sources */ = {isa = PBXBuildFile; fileRef = 338FAC072850AE5A00EA686A /* CustomDropDownCell.swift */; };
		338FAC0A2850AE5A00EA686A /* CustomDropDownCell.xib in Resources */ = {isa = PBXBuildFile; fileRef = 338FAC082850AE5A00EA686A /* CustomDropDownCell.xib */; };
/* End PBXBuildFile section */

/* Begin PBXFileReference section */
		27C954A938CDB2FC1278BFC1 /* Pods-DropDownMenu.release.xcconfig */ = {isa = PBXFileReference; includeInIndex = 1; lastKnownFileType = text.xcconfig; name = "Pods-DropDownMenu.release.xcconfig"; path = "Target Support Files/Pods-DropDownMenu/Pods-DropDownMenu.release.xcconfig"; sourceTree = "<group>"; };
		338FABF2284FB52A00EA686A /* Drop Down.app */ = {isa = PBXFileReference; explicitFileType = wrapper.application; includeInIndex = 0; path = "Drop Down.app"; sourceTree = BUILT_PRODUCTS_DIR; };
		338FABF5284FB52A00EA686A /* DropDownMenuApp.swift */ = {isa = PBXFileReference; lastKnownFileType = sourcecode.swift; path = DropDownMenuApp.swift; sourceTree = "<group>"; };
		338FABF7284FB52A00EA686A /* ContentView.swift */ = {isa = PBXFileReference; lastKnownFileType = sourcecode.swift; path = ContentView.swift; sourceTree = "<group>"; };
		338FABF9284FB52B00EA686A /* Assets.xcassets */ = {isa = PBXFileReference; lastKnownFileType = folder.assetcatalog; path = Assets.xcassets; sourceTree = "<group>"; };
		338FABFC284FB52B00EA686A /* Preview Assets.xcassets */ = {isa = PBXFileReference; lastKnownFileType = folder.assetcatalog; path = "Preview Assets.xcassets"; sourceTree = "<group>"; };
		338FAC072850AE5A00EA686A /* CustomDropDownCell.swift */ = {isa = PBXFileReference; lastKnownFileType = sourcecode.swift; path = CustomDropDownCell.swift; sourceTree = "<group>"; };
		338FAC082850AE5A00EA686A /* CustomDropDownCell.xib */ = {isa = PBXFileReference; lastKnownFileType = file.xib; path = CustomDropDownCell.xib; sourceTree = "<group>"; };
		C4CFB2A4DE53D92B63BBD014 /* Pods_DropDownMenu.framework */ = {isa = PBXFileReference; explicitFileType = wrapper.framework; includeInIndex = 0; path = Pods_DropDownMenu.framework; sourceTree = BUILT_PRODUCTS_DIR; };
		C5D875355F5CA461730E9279 /* Pods-DropDownMenu.debug.xcconfig */ = {isa = PBXFileReference; includeInIndex = 1; lastKnownFileType = text.xcconfig; name = "Pods-DropDownMenu.debug.xcconfig"; path = "Target Support Files/Pods-DropDownMenu/Pods-DropDownMenu.debug.xcconfig"; sourceTree = "<group>"; };
/* End PBXFileReference section */

/* Begin PBXFrameworksBuildPhase section */
		338FABEF284FB52A00EA686A /* Frameworks */ = {
			isa = PBXFrameworksBuildPhase;
			buildActionMask = 2147483647;
			files = (
				065D050CEB3F1C21F9E045F7 /* Pods_DropDownMenu.framework in Frameworks */,
			);
			runOnlyForDeploymentPostprocessing = 0;
		};
/* End PBXFrameworksBuildPhase section */

/* Begin PBXGroup section */
		338FABE9284FB52A00EA686A = {
			isa = PBXGroup;
			children = (
				338FABF4284FB52A00EA686A /* DropDownMenu */,
				338FABF3284FB52A00EA686A /* Products */,
				C2A0ACA41AC3DE6AE01ACCF3 /* Pods */,
				898048B92411A7F06EE61B33 /* Frameworks */,
			);
			sourceTree = "<group>";
		};
		338FABF3284FB52A00EA686A /* Products */ = {
			isa = PBXGroup;
			children = (
				338FABF2284FB52A00EA686A /* Drop Down.app */,
			);
			name = Products;
			sourceTree = "<group>";
		};
		338FABF4284FB52A00EA686A /* DropDownMenu */ = {
			isa = PBXGroup;
			children = (
				338FABF5284FB52A00EA686A /* DropDownMenuApp.swift */,
				338FABF7284FB52A00EA686A /* ContentView.swift */,
				338FAC072850AE5A00EA686A /* CustomDropDownCell.swift */,
				338FAC082850AE5A00EA686A /* CustomDropDownCell.xib */,
				338FABF9284FB52B00EA686A /* Assets.xcassets */,
				338FABFB284FB52B00EA686A /* Preview Content */,
			);
			path = DropDownMenu;
			sourceTree = "<group>";
		};
		338FABFB284FB52B00EA686A /* Preview Content */ = {
			isa = PBXGroup;
			children = (
				338FABFC284FB52B00EA686A /* Preview Assets.xcassets */,
			);
			path = "Preview Content";
			sourceTree = "<group>";
		};
		898048B92411A7F06EE61B33 /* Frameworks */ = {
			isa = PBXGroup;
			children = (
				C4CFB2A4DE53D92B63BBD014 /* Pods_DropDownMenu.framework */,
			);
			name = Frameworks;
			sourceTree = "<group>";
		};
		C2A0ACA41AC3DE6AE01ACCF3 /* Pods */ = {
			isa = PBXGroup;
			children = (
				C5D875355F5CA461730E9279 /* Pods-DropDownMenu.debug.xcconfig */,
				27C954A938CDB2FC1278BFC1 /* Pods-DropDownMenu.release.xcconfig */,
			);
			path = Pods;
			sourceTree = "<group>";
		};
/* End PBXGroup section */

/* Begin PBXNativeTarget section */
		338FABF1284FB52A00EA686A /* DropDownMenu */ = {
			isa = PBXNativeTarget;
			buildConfigurationList = 338FAC00284FB52B00EA686A /* Build configuration list for PBXNativeTarget "DropDownMenu" */;
			buildPhases = (
				3A4EE4BE0B703446219452F0 /* [CP] Check Pods Manifest.lock */,
				338FABEE284FB52A00EA686A /* Sources */,
				338FABEF284FB52A00EA686A /* Frameworks */,
				338FABF0284FB52A00EA686A /* Resources */,
				22CCECF670EFD9E68095A3B6 /* [CP] Embed Pods Frameworks */,
			);
			buildRules = (
			);
			dependencies = (
			);
			name = DropDownMenu;
			productName = DropDownMenu;
			productReference = 338FABF2284FB52A00EA686A /* Drop Down.app */;
			productType = "com.apple.product-type.application";
		};
/* End PBXNativeTarget section */

/* Begin PBXProject section */
		338FABEA284FB52A00EA686A /* Project object */ = {
			isa = PBXProject;
			attributes = {
				BuildIndependentTargetsInParallel = 1;
				LastSwiftUpdateCheck = 1340;
				LastUpgradeCheck = 1340;
				TargetAttributes = {
					338FABF1284FB52A00EA686A = {
						CreatedOnToolsVersion = 13.4;
					};
				};
			};
			buildConfigurationList = 338FABED284FB52A00EA686A /* Build configuration list for PBXProject "DropDownMenu" */;
			compatibilityVersion = "Xcode 13.0";
			developmentRegion = en;
			hasScannedForEncodings = 0;
			knownRegions = (
				en,
				Base,
			);
			mainGroup = 338FABE9284FB52A00EA686A;
			productRefGroup = 338FABF3284FB52A00EA686A /* Products */;
			projectDirPath = "";
			projectRoot = "";
			targets = (
				338FABF1284FB52A00EA686A /* DropDownMenu */,
			);
		};
/* End PBXProject section */

/* Begin PBXResourcesBuildPhase section */
		338FABF0284FB52A00EA686A /* Resources */ = {
			isa = PBXResourcesBuildPhase;
			buildActionMask = 2147483647;
			files = (
				338FABFD284FB52B00EA686A /* Preview Assets.xcassets in Resources */,
				338FABFA284FB52B00EA686A /* Assets.xcassets in Resources */,
				338FAC0A2850AE5A00EA686A /* CustomDropDownCell.xib in Resources */,
			);
			runOnlyForDeploymentPostprocessing = 0;
		};
/* End PBXResourcesBuildPhase section */

/* Begin PBXShellScriptBuildPhase section */
		22CCECF670EFD9E68095A3B6 /* [CP] Embed Pods Frameworks */ = {
			isa = PBXShellScriptBuildPhase;
			buildActionMask = 2147483647;
			files = (
			);
			inputFileListPaths = (
				"${PODS_ROOT}/Target Support Files/Pods-DropDownMenu/Pods-DropDownMenu-frameworks-${CONFIGURATION}-input-files.xcfilelist",
			);
			name = "[CP] Embed Pods Frameworks";
			outputFileListPaths = (
				"${PODS_ROOT}/Target Support Files/Pods-DropDownMenu/Pods-DropDownMenu-frameworks-${CONFIGURATION}-output-files.xcfilelist",
			);
			runOnlyForDeploymentPostprocessing = 0;
			shellPath = /bin/sh;
			shellScript = "\"${PODS_ROOT}/Target Support Files/Pods-DropDownMenu/Pods-DropDownMenu-frameworks.sh\"\n";
			showEnvVarsInLog = 0;
		};
		3A4EE4BE0B703446219452F0 /* [CP] Check Pods Manifest.lock */ = {
			isa = PBXShellScriptBuildPhase;
			buildActionMask = 2147483647;
			files = (
			);
			inputFileListPaths = (
			);
			inputPaths = (
				"${PODS_PODFILE_DIR_PATH}/Podfile.lock",
				"${PODS_ROOT}/Manifest.lock",
			);
			name = "[CP] Check Pods Manifest.lock";
			outputFileListPaths = (
			);
			outputPaths = (
				"$(DERIVED_FILE_DIR)/Pods-DropDownMenu-checkManifestLockResult.txt",
			);
			runOnlyForDeploymentPostprocessing = 0;
			shellPath = /bin/sh;
			shellScript = "diff \"${PODS_PODFILE_DIR_PATH}/Podfile.lock\" \"${PODS_ROOT}/Manifest.lock\" > /dev/null\nif [ $? != 0 ] ; then\n    # print error to STDERR\n    echo \"error: The sandbox is not in sync with the Podfile.lock. Run 'pod install' or update your CocoaPods installation.\" >&2\n    exit 1\nfi\n# This output is used by Xcode 'outputs' to avoid re-running this script phase.\necho \"SUCCESS\" > \"${SCRIPT_OUTPUT_FILE_0}\"\n";
			showEnvVarsInLog = 0;
		};
/* End PBXShellScriptBuildPhase section */

/* Begin PBXSourcesBuildPhase section */
		338FABEE284FB52A00EA686A /* Sources */ = {
			isa = PBXSourcesBuildPhase;
			buildActionMask = 2147483647;
			files = (
				338FABF8284FB52A00EA686A /* ContentView.swift in Sources */,
				338FAC092850AE5A00EA686A /* CustomDropDownCell.swift in Sources */,
				338FABF6284FB52A00EA686A /* DropDownMenuApp.swift in Sources */,
			);
			runOnlyForDeploymentPostprocessing = 0;
		};
/* End PBXSourcesBuildPhase section */

/* Begin XCBuildConfiguration section */
		338FABFE284FB52B00EA686A /* Debug */ = {
			isa = XCBuildConfiguration;
			buildSettings = {
				ALWAYS_SEARCH_USER_PATHS = NO;
				CLANG_ANALYZER_NONNULL = YES;
				CLANG_ANALYZER_NUMBER_OBJECT_CONVERSION = YES_AGGRESSIVE;
				CLANG_CXX_LANGUAGE_STANDARD = "gnu++17";
				CLANG_ENABLE_MODULES = YES;
				CLANG_ENABLE_OBJC_ARC = YES;
				CLANG_ENABLE_OBJC_WEAK = YES;
				CLANG_WARN_BLOCK_CAPTURE_AUTORELEASING = YES;
				CLANG_WARN_BOOL_CONVERSION = YES;
				CLANG_WARN_COMMA = YES;
				CLANG_WARN_CONSTANT_CONVERSION = YES;
				CLANG_WARN_DEPRECATED_OBJC_IMPLEMENTATIONS = YES;
				CLANG_WARN_DIRECT_OBJC_ISA_USAGE = YES_ERROR;
				CLANG_WARN_DOCUMENTATION_COMMENTS = YES;
				CLANG_WARN_EMPTY_BODY = YES;
				CLANG_WARN_ENUM_CONVERSION = YES;
				CLANG_WARN_INFINITE_RECURSION = YES;
				CLANG_WARN_INT_CONVERSION = YES;
				CLANG_WARN_NON_LITERAL_NULL_CONVERSION = YES;
				CLANG_WARN_OBJC_IMPLICIT_RETAIN_SELF = YES;
				CLANG_WARN_OBJC_LITERAL_CONVERSION = YES;
				CLANG_WARN_OBJC_ROOT_CLASS = YES_ERROR;
				CLANG_WARN_QUOTED_INCLUDE_IN_FRAMEWORK_HEADER = YES;
				CLANG_WARN_RANGE_LOOP_ANALYSIS = YES;
				CLANG_WARN_STRICT_PROTOTYPES = YES;
				CLANG_WARN_SUSPICIOUS_MOVE = YES;
				CLANG_WARN_UNGUARDED_AVAILABILITY = YES_AGGRESSIVE;
				CLANG_WARN_UNREACHABLE_CODE = YES;
				CLANG_WARN__DUPLICATE_METHOD_MATCH = YES;
				COPY_PHASE_STRIP = NO;
				DEBUG_INFORMATION_FORMAT = dwarf;
				ENABLE_STRICT_OBJC_MSGSEND = YES;
				ENABLE_TESTABILITY = YES;
				GCC_C_LANGUAGE_STANDARD = gnu11;
				GCC_DYNAMIC_NO_PIC = NO;
				GCC_NO_COMMON_BLOCKS = YES;
				GCC_OPTIMIZATION_LEVEL = 0;
				GCC_PREPROCESSOR_DEFINITIONS = (
					"DEBUG=1",
					"$(inherited)",
				);
				GCC_WARN_64_TO_32_BIT_CONVERSION = YES;
				GCC_WARN_ABOUT_RETURN_TYPE = YES_ERROR;
				GCC_WARN_UNDECLARED_SELECTOR = YES;
				GCC_WARN_UNINITIALIZED_AUTOS = YES_AGGRESSIVE;
				GCC_WARN_UNUSED_FUNCTION = YES;
				GCC_WARN_UNUSED_VARIABLE = YES;
				IPHONEOS_DEPLOYMENT_TARGET = 15.5;
				MTL_ENABLE_DEBUG_INFO = INCLUDE_SOURCE;
				MTL_FAST_MATH = YES;
				ONLY_ACTIVE_ARCH = YES;
				SDKROOT = iphoneos;
				SWIFT_ACTIVE_COMPILATION_CONDITIONS = DEBUG;
				SWIFT_OPTIMIZATION_LEVEL = "-Onone";
			};
			name = Debug;
		};
		338FABFF284FB52B00EA686A /* Release */ = {
			isa = XCBuildConfiguration;
			buildSettings = {
				ALWAYS_SEARCH_USER_PATHS = NO;
				CLANG_ANALYZER_NONNULL = YES;
				CLANG_ANALYZER_NUMBER_OBJECT_CONVERSION = YES_AGGRESSIVE;
				CLANG_CXX_LANGUAGE_STANDARD = "gnu++17";
				CLANG_ENABLE_MODULES = YES;
				CLANG_ENABLE_OBJC_ARC = YES;
				CLANG_ENABLE_OBJC_WEAK = YES;
				CLANG_WARN_BLOCK_CAPTURE_AUTORELEASING = YES;
				CLANG_WARN_BOOL_CONVERSION = YES;
				CLANG_WARN_COMMA = YES;
				CLANG_WARN_CONSTANT_CONVERSION = YES;
				CLANG_WARN_DEPRECATED_OBJC_IMPLEMENTATIONS = YES;
				CLANG_WARN_DIRECT_OBJC_ISA_USAGE = YES_ERROR;
				CLANG_WARN_DOCUMENTATION_COMMENTS = YES;
				CLANG_WARN_EMPTY_BODY = YES;
				CLANG_WARN_ENUM_CONVERSION = YES;
				CLANG_WARN_INFINITE_RECURSION = YES;
				CLANG_WARN_INT_CONVERSION = YES;
				CLANG_WARN_NON_LITERAL_NULL_CONVERSION = YES;
				CLANG_WARN_OBJC_IMPLICIT_RETAIN_SELF = YES;
				CLANG_WARN_OBJC_LITERAL_CONVERSION = YES;
				CLANG_WARN_OBJC_ROOT_CLASS = YES_ERROR;
				CLANG_WARN_QUOTED_INCLUDE_IN_FRAMEWORK_HEADER = YES;
				CLANG_WARN_RANGE_LOOP_ANALYSIS = YES;
				CLANG_WARN_STRICT_PROTOTYPES = YES;
				CLANG_WARN_SUSPICIOUS_MOVE = YES;
				CLANG_WARN_UNGUARDED_AVAILABILITY = YES_AGGRESSIVE;
				CLANG_WARN_UNREACHABLE_CODE = YES;
				CLANG_WARN__DUPLICATE_METHOD_MATCH = YES;
				COPY_PHASE_STRIP = NO;
				DEBUG_INFORMATION_FORMAT = "dwarf-with-dsym";
				ENABLE_NS_ASSERTIONS = NO;
				ENABLE_STRICT_OBJC_MSGSEND = YES;
				GCC_C_LANGUAGE_STANDARD = gnu11;
				GCC_NO_COMMON_BLOCKS = YES;
				GCC_WARN_64_TO_32_BIT_CONVERSION = YES;
				GCC_WARN_ABOUT_RETURN_TYPE = YES_ERROR;
				GCC_WARN_UNDECLARED_SELECTOR = YES;
				GCC_WARN_UNINITIALIZED_AUTOS = YES_AGGRESSIVE;
				GCC_WARN_UNUSED_FUNCTION = YES;
				GCC_WARN_UNUSED_VARIABLE = YES;
				IPHONEOS_DEPLOYMENT_TARGET = 15.5;
				MTL_ENABLE_DEBUG_INFO = NO;
				MTL_FAST_MATH = YES;
				SDKROOT = iphoneos;
				SWIFT_COMPILATION_MODE = wholemodule;
				SWIFT_OPTIMIZATION_LEVEL = "-O";
				VALIDATE_PRODUCT = YES;
			};
			name = Release;
		};
		338FAC01284FB52B00EA686A /* Debug */ = {
			isa = XCBuildConfiguration;
			baseConfigurationReference = C5D875355F5CA461730E9279 /* Pods-DropDownMenu.debug.xcconfig */;
			buildSettings = {
				ASSETCATALOG_COMPILER_APPICON_NAME = AppIcon;
				ASSETCATALOG_COMPILER_GLOBAL_ACCENT_COLOR_NAME = AccentColor;
				CODE_SIGN_STYLE = Automatic;
				CURRENT_PROJECT_VERSION = 1;
				DEVELOPMENT_ASSET_PATHS = "\"DropDownMenu/Preview Content\"";
				DEVELOPMENT_TEAM = 992ZKDJZCH;
				ENABLE_PREVIEWS = YES;
				GENERATE_INFOPLIST_FILE = YES;
				INFOPLIST_KEY_UIApplicationSceneManifest_Generation = YES;
				INFOPLIST_KEY_UIApplicationSupportsIndirectInputEvents = YES;
				INFOPLIST_KEY_UILaunchScreen_Generation = YES;
				INFOPLIST_KEY_UISupportedInterfaceOrientations_iPad = "UIInterfaceOrientationPortrait UIInterfaceOrientationPortraitUpsideDown UIInterfaceOrientationLandscapeLeft UIInterfaceOrientationLandscapeRight";
				INFOPLIST_KEY_UISupportedInterfaceOrientations_iPhone = "UIInterfaceOrientationPortrait UIInterfaceOrientationLandscapeLeft UIInterfaceOrientationLandscapeRight";
				LD_RUNPATH_SEARCH_PATHS = (
					"$(inherited)",
					"@executable_path/Frameworks",
				);
				MARKETING_VERSION = 1.0;
				PRODUCT_BUNDLE_IDENTIFIER = com.aelarassi.demopushnotifs.DropDownMenu;
				PRODUCT_NAME = "Drop Down";
				SWIFT_EMIT_LOC_STRINGS = YES;
				SWIFT_VERSION = 5.0;
				TARGETED_DEVICE_FAMILY = 1;
			};
			name = Debug;
		};
		338FAC02284FB52B00EA686A /* Release */ = {
			isa = XCBuildConfiguration;
			baseConfigurationReference = 27C954A938CDB2FC1278BFC1 /* Pods-DropDownMenu.release.xcconfig */;
			buildSettings = {
				ASSETCATALOG_COMPILER_APPICON_NAME = AppIcon;
				ASSETCATALOG_COMPILER_GLOBAL_ACCENT_COLOR_NAME = AccentColor;
				CODE_SIGN_STYLE = Automatic;
				CURRENT_PROJECT_VERSION = 1;
				DEVELOPMENT_ASSET_PATHS = "\"DropDownMenu/Preview Content\"";
				DEVELOPMENT_TEAM = 992ZKDJZCH;
				ENABLE_PREVIEWS = YES;
				GENERATE_INFOPLIST_FILE = YES;
				INFOPLIST_KEY_UIApplicationSceneManifest_Generation = YES;
				INFOPLIST_KEY_UIApplicationSupportsIndirectInputEvents = YES;
				INFOPLIST_KEY_UILaunchScreen_Generation = YES;
				INFOPLIST_KEY_UISupportedInterfaceOrientations_iPad = "UIInterfaceOrientationPortrait UIInterfaceOrientationPortraitUpsideDown UIInterfaceOrientationLandscapeLeft UIInterfaceOrientationLandscapeRight";
				INFOPLIST_KEY_UISupportedInterfaceOrientations_iPhone = "UIInterfaceOrientationPortrait UIInterfaceOrientationLandscapeLeft UIInterfaceOrientationLandscapeRight";
				LD_RUNPATH_SEARCH_PATHS = (
					"$(inherited)",
					"@executable_path/Frameworks",
				);
				MARKETING_VERSION = 1.0;
				PRODUCT_BUNDLE_IDENTIFIER = com.aelarassi.demopushnotifs.DropDownMenu;
				PRODUCT_NAME = "Drop Down";
				SWIFT_EMIT_LOC_STRINGS = YES;
				SWIFT_VERSION = 5.0;
				TARGETED_DEVICE_FAMILY = 1;
			};
			name = Release;
		};
/* End XCBuildConfiguration section */

/* Begin XCConfigurationList section */
		338FABED284FB52A00EA686A /* Build configuration list for PBXProject "DropDownMenu" */ = {
			isa = XCConfigurationList;
			buildConfigurations = (
				338FABFE284FB52B00EA686A /* Debug */,
				338FABFF284FB52B00EA686A /* Release */,
			);
			defaultConfigurationIsVisible = 0;
			defaultConfigurationName = Release;
		};
		338FAC00284FB52B00EA686A /* Build configuration list for PBXNativeTarget "DropDownMenu" */ = {
			isa = XCConfigurationList;
			buildConfigurations = (
				338FAC01284FB52B00EA686A /* Debug */,
				338FAC02284FB52B00EA686A /* Release */,
			);
			defaultConfigurationIsVisible = 0;
			defaultConfigurationName = Release;
		};
/* End XCConfigurationList section */
	};
	rootObject = 338FABEA284FB52A00EA686A /* Project object */;
}
